
Microsoft Visual Studio Solution File, Format Version 12.00
# Visual Studio Version 16
VisualStudioVersion = 16.0.29613.14
MinimumVisualStudioVersion = 10.0.40219.1
Project("{9A19103F-16F7-4668-BE54-9A1E7A4F7556}") = "testIdentity", "testIdentity.csproj", "{F13B3A6C-E705-4F75-9DE6-A6FF0E5F7461}"
EndProject
Global
	GlobalSection(SolutionConfigurationPlatforms) = preSolution
		Debug|Any CPU = Debug|Any CPU
		Release|Any CPU = Release|Any CPU
	EndGlobalSection
	GlobalSection(ProjectConfigurationPlatforms) = postSolution
		{F13B3A6C-E705-4F75-9DE6-A6FF0E5F7461}.Debug|Any CPU.ActiveCfg = Debug|Any CPU
		{F13B3A6C-E705-4F75-9DE6-A6FF0E5F7461}.Debug|Any CPU.Build.0 = Debug|Any CPU
		{F13B3A6C-E705-4F75-9DE6-A6FF0E5F7461}.Release|Any CPU.ActiveCfg = Release|Any CPU
		{F13B3A6C-E705-4F75-9DE6-A6FF0E5F7461}.Release|Any CPU.Build.0 = Release|Any CPU
	EndGlobalSection
	GlobalSection(SolutionProperties) = preSolution
		HideSolutionNode = FALSE
	EndGlobalSection
	GlobalSection(ExtensibilityGlobals) = postSolution
		SolutionGuid = {6C1BE3D2-BA51-48EC-9E83-5227542265F8}
	EndGlobalSection
EndGlobal
